// !$*UTF8*$!
{
	archiveVersion = 1;
	classes = {
	};
	objectVersion = 55;
	objects = {

/* Begin PBXBuildFile section */
		E0A129B9275C5DCD001F29C6 /* LessonVideoPlayerApp.swift in Sources */ = {isa = PBXBuildFile; fileRef = E0A129B8275C5DCD001F29C6 /* LessonVideoPlayerApp.swift */; };
		E0A129BD275C5DCF001F29C6 /* Assets.xcassets in Resources */ = {isa = PBXBuildFile; fileRef = E0A129BC275C5DCF001F29C6 /* Assets.xcassets */; };
		E0A129C0275C5DCF001F29C6 /* Preview Assets.xcassets in Resources */ = {isa = PBXBuildFile; fileRef = E0A129BF275C5DCF001F29C6 /* Preview Assets.xcassets */; };
		E0A129CA275D73F8001F29C6 /* ViewModel.swift in Sources */ = {isa = PBXBuildFile; fileRef = E0A129C9275D73F8001F29C6 /* ViewModel.swift */; };
		E0A129CC275D7854001F29C6 /* Model.swift in Sources */ = {isa = PBXBuildFile; fileRef = E0A129CB275D7854001F29C6 /* Model.swift */; };
		E0A129CE275D7AEA001F29C6 /* ListView.swift in Sources */ = {isa = PBXBuildFile; fileRef = E0A129CD275D7AEA001F29C6 /* ListView.swift */; };
		E0A129D0275D7D21001F29C6 /* RowView.swift in Sources */ = {isa = PBXBuildFile; fileRef = E0A129CF275D7D21001F29C6 /* RowView.swift */; };
		E0A129D2275D7D52001F29C6 /* DetailView.swift in Sources */ = {isa = PBXBuildFile; fileRef = E0A129D1275D7D52001F29C6 /* DetailView.swift */; };
		E0A129D5275DA549001F29C6 /* AVKit.framework in Frameworks */ = {isa = PBXBuildFile; fileRef = E0A129D4275DA549001F29C6 /* AVKit.framework */; };
/* End PBXBuildFile section */

/* Begin PBXFileReference section */
		E0A129B5275C5DCD001F29C6 /* LessonVideoPlayer.app */ = {isa = PBXFileReference; explicitFileType = wrapper.application; includeInIndex = 0; path = LessonVideoPlayer.app; sourceTree = BUILT_PRODUCTS_DIR; };
		E0A129B8275C5DCD001F29C6 /* LessonVideoPlayerApp.swift */ = {isa = PBXFileReference; lastKnownFileType = sourcecode.swift; path = LessonVideoPlayerApp.swift; sourceTree = "<group>"; };
		E0A129BC275C5DCF001F29C6 /* Assets.xcassets */ = {isa = PBXFileReference; lastKnownFileType = folder.assetcatalog; path = Assets.xcassets; sourceTree = "<group>"; };
		E0A129BF275C5DCF001F29C6 /* Preview Assets.xcassets */ = {isa = PBXFileReference; lastKnownFileType = folder.assetcatalog; path = "Preview Assets.xcassets"; sourceTree = "<group>"; };
		E0A129C9275D73F8001F29C6 /* ViewModel.swift */ = {isa = PBXFileReference; lastKnownFileType = sourcecode.swift; path = ViewModel.swift; sourceTree = "<group>"; };
		E0A129CB275D7854001F29C6 /* Model.swift */ = {isa = PBXFileReference; lastKnownFileType = sourcecode.swift; path = Model.swift; sourceTree = "<group>"; };
		E0A129CD275D7AEA001F29C6 /* ListView.swift */ = {isa = PBXFileReference; lastKnownFileType = sourcecode.swift; path = ListView.swift; sourceTree = "<group>"; };
		E0A129CF275D7D21001F29C6 /* RowView.swift */ = {isa = PBXFileReference; lastKnownFileType = sourcecode.swift; path = RowView.swift; sourceTree = "<group>"; };
		E0A129D1275D7D52001F29C6 /* DetailView.swift */ = {isa = PBXFileReference; lastKnownFileType = sourcecode.swift; path = DetailView.swift; sourceTree = "<group>"; };
		E0A129D4275DA549001F29C6 /* AVKit.framework */ = {isa = PBXFileReference; lastKnownFileType = wrapper.framework; name = AVKit.framework; path = System/Library/Frameworks/AVKit.framework; sourceTree = SDKROOT; };
/* End PBXFileReference section */

/* Begin PBXFrameworksBuildPhase section */
		E0A129B2275C5DCD001F29C6 /* Frameworks */ = {
			isa = PBXFrameworksBuildPhase;
			buildActionMask = 2147483647;
			files = (
				E0A129D5275DA549001F29C6 /* AVKit.framework in Frameworks */,
			);
			runOnlyForDeploymentPostprocessing = 0;
		};
/* End PBXFrameworksBuildPhase section */

/* Begin PBXGroup section */
		E0A129AC275C5DCD001F29C6 = {
			isa = PBXGroup;
			children = (
				E0A129B7275C5DCD001F29C6 /* LessonVideoPlayer */,
				E0A129B6275C5DCD001F29C6 /* Products */,
				E0A129D3275DA548001F29C6 /* Frameworks */,
			);
			sourceTree = "<group>";
		};
		E0A129B6275C5DCD001F29C6 /* Products */ = {
			isa = PBXGroup;
			children = (
				E0A129B5275C5DCD001F29C6 /* LessonVideoPlayer.app */,
			);
			name = Products;
			sourceTree = "<group>";
		};
		E0A129B7275C5DCD001F29C6 /* LessonVideoPlayer */ = {
			isa = PBXGroup;
			children = (
				E0A129B8275C5DCD001F29C6 /* LessonVideoPlayerApp.swift */,
				E0A129C8275D73A1001F29C6 /* Views */,
				E0A129C7275D7390001F29C6 /* Model */,
				E0A129C6275D737C001F29C6 /* ViewModel */,
				E0A129BC275C5DCF001F29C6 /* Assets.xcassets */,
				E0A129BE275C5DCF001F29C6 /* Preview Content */,
			);
			path = LessonVideoPlayer;
			sourceTree = "<group>";
		};
		E0A129BE275C5DCF001F29C6 /* Preview Content */ = {
			isa = PBXGroup;
			children = (
				E0A129BF275C5DCF001F29C6 /* Preview Assets.xcassets */,
			);
			path = "Preview Content";
			sourceTree = "<group>";
		};
		E0A129C6275D737C001F29C6 /* ViewModel */ = {
			isa = PBXGroup;
			children = (
				E0A129C9275D73F8001F29C6 /* ViewModel.swift */,
			);
			path = ViewModel;
			sourceTree = "<group>";
		};
		E0A129C7275D7390001F29C6 /* Model */ = {
			isa = PBXGroup;
			children = (
				E0A129CB275D7854001F29C6 /* Model.swift */,
			);
			path = Model;
			sourceTree = "<group>";
		};
		E0A129C8275D73A1001F29C6 /* Views */ = {
			isa = PBXGroup;
			children = (
				E0A129CD275D7AEA001F29C6 /* ListView.swift */,
				E0A129CF275D7D21001F29C6 /* RowView.swift */,
				E0A129D1275D7D52001F29C6 /* DetailView.swift */,
			);
			path = Views;
			sourceTree = "<group>";
		};
		E0A129D3275DA548001F29C6 /* Frameworks */ = {
			isa = PBXGroup;
			children = (
				E0A129D4275DA549001F29C6 /* AVKit.framework */,
			);
			name = Frameworks;
			sourceTree = "<group>";
		};
/* End PBXGroup section */

/* Begin PBXNativeTarget section */
		E0A129B4275C5DCD001F29C6 /* LessonVideoPlayer */ = {
			isa = PBXNativeTarget;
			buildConfigurationList = E0A129C3275C5DCF001F29C6 /* Build configuration list for PBXNativeTarget "LessonVideoPlayer" */;
			buildPhases = (
				E0A129B1275C5DCD001F29C6 /* Sources */,
				E0A129B2275C5DCD001F29C6 /* Frameworks */,
				E0A129B3275C5DCD001F29C6 /* Resources */,
			);
			buildRules = (
			);
			dependencies = (
			);
			name = LessonVideoPlayer;
			productName = LessonVideoPlayer;
			productReference = E0A129B5275C5DCD001F29C6 /* LessonVideoPlayer.app */;
			productType = "com.apple.product-type.application";
		};
/* End PBXNativeTarget section */

/* Begin PBXProject section */
		E0A129AD275C5DCD001F29C6 /* Project object */ = {
			isa = PBXProject;
			attributes = {
				BuildIndependentTargetsInParallel = 1;
				LastSwiftUpdateCheck = 1310;
				LastUpgradeCheck = 1310;
				TargetAttributes = {
					E0A129B4275C5DCD001F29C6 = {
						CreatedOnToolsVersion = 13.1;
					};
				};
			};
			buildConfigurationList = E0A129B0275C5DCD001F29C6 /* Build configuration list for PBXProject "LessonVideoPlayer" */;
			compatibilityVersion = "Xcode 13.0";
			developmentRegion = en;
			hasScannedForEncodings = 0;
			knownRegions = (
				en,
				Base,
			);
			mainGroup = E0A129AC275C5DCD001F29C6;
			productRefGroup = E0A129B6275C5DCD001F29C6 /* Products */;
			projectDirPath = "";
			projectRoot = "";
			targets = (
				E0A129B4275C5DCD001F29C6 /* LessonVideoPlayer */,
			);
		};
/* End PBXProject section */

/* Begin PBXResourcesBuildPhase section */
		E0A129B3275C5DCD001F29C6 /* Resources */ = {
			isa = PBXResourcesBuildPhase;
			buildActionMask = 2147483647;
			files = (
				E0A129C0275C5DCF001F29C6 /* Preview Assets.xcassets in Resources */,
				E0A129BD275C5DCF001F29C6 /* Assets.xcassets in Resources */,
			);
			runOnlyForDeploymentPostprocessing = 0;
		};
/* End PBXResourcesBuildPhase section */

/* Begin PBXSourcesBuildPhase section */
		E0A129B1275C5DCD001F29C6 /* Sources */ = {
			isa = PBXSourcesBuildPhase;
			buildActionMask = 2147483647;
			files = (
				E0A129D0275D7D21001F29C6 /* RowView.swift in Sources */,
				E0A129CA275D73F8001F29C6 /* ViewModel.swift in Sources */,
				E0A129D2275D7D52001F29C6 /* DetailView.swift in Sources */,
				E0A129CE275D7AEA001F29C6 /* ListView.swift in Sources */,
				E0A129B9275C5DCD001F29C6 /* LessonVideoPlayerApp.swift in Sources */,
				E0A129CC275D7854001F29C6 /* Model.swift in Sources */,
			);
			runOnlyForDeploymentPostprocessing = 0;
		};
/* End PBXSourcesBuildPhase section */

/* Begin XCBuildConfiguration section */
		E0A129C1275C5DCF001F29C6 /* Debug */ = {
			isa = XCBuildConfiguration;
			buildSettings = {
				ALWAYS_SEARCH_USER_PATHS = NO;
				CLANG_ANALYZER_NONNULL = YES;
				CLANG_ANALYZER_NUMBER_OBJECT_CONVERSION = YES_AGGRESSIVE;
				CLANG_CXX_LANGUAGE_STANDARD = "gnu++17";
				CLANG_CXX_LIBRARY = "libc++";
				CLANG_ENABLE_MODULES = YES;
				CLANG_ENABLE_OBJC_ARC = YES;
				CLANG_ENABLE_OBJC_WEAK = YES;
				CLANG_WARN_BLOCK_CAPTURE_AUTORELEASING = YES;
				CLANG_WARN_BOOL_CONVERSION = YES;
				CLANG_WARN_COMMA = YES;
				CLANG_WARN_CONSTANT_CONVERSION = YES;
				CLANG_WARN_DEPRECATED_OBJC_IMPLEMENTATIONS = YES;
				CLANG_WARN_DIRECT_OBJC_ISA_USAGE = YES_ERROR;
				CLANG_WARN_DOCUMENTATION_COMMENTS = YES;
				CLANG_WARN_EMPTY_BODY = YES;
				CLANG_WARN_ENUM_CONVERSION = YES;
				CLANG_WARN_INFINITE_RECURSION = YES;
				CLANG_WARN_INT_CONVERSION = YES;
				CLANG_WARN_NON_LITERAL_NULL_CONVERSION = YES;
				CLANG_WARN_OBJC_IMPLICIT_RETAIN_SELF = YES;
				CLANG_WARN_OBJC_LITERAL_CONVERSION = YES;
				CLANG_WARN_OBJC_ROOT_CLASS = YES_ERROR;
				CLANG_WARN_QUOTED_INCLUDE_IN_FRAMEWORK_HEADER = YES;
				CLANG_WARN_RANGE_LOOP_ANALYSIS = YES;
				CLANG_WARN_STRICT_PROTOTYPES = YES;
				CLANG_WARN_SUSPICIOUS_MOVE = YES;
				CLANG_WARN_UNGUARDED_AVAILABILITY = YES_AGGRESSIVE;
				CLANG_WARN_UNREACHABLE_CODE = YES;
				CLANG_WARN__DUPLICATE_METHOD_MATCH = YES;
				COPY_PHASE_STRIP = NO;
				DEBUG_INFORMATION_FORMAT = dwarf;
				ENABLE_STRICT_OBJC_MSGSEND = YES;
				ENABLE_TESTABILITY = YES;
				GCC_C_LANGUAGE_STANDARD = gnu11;
				GCC_DYNAMIC_NO_PIC = NO;
				GCC_NO_COMMON_BLOCKS = YES;
				GCC_OPTIMIZATION_LEVEL = 0;
				GCC_PREPROCESSOR_DEFINITIONS = (
					"DEBUG=1",
					"$(inherited)",
				);
				GCC_WARN_64_TO_32_BIT_CONVERSION = YES;
				GCC_WARN_ABOUT_RETURN_TYPE = YES_ERROR;
				GCC_WARN_UNDECLARED_SELECTOR = YES;
				GCC_WARN_UNINITIALIZED_AUTOS = YES_AGGRESSIVE;
				GCC_WARN_UNUSED_FUNCTION = YES;
				GCC_WARN_UNUSED_VARIABLE = YES;
				IPHONEOS_DEPLOYMENT_TARGET = 15.0;
				MTL_ENABLE_DEBUG_INFO = INCLUDE_SOURCE;
				MTL_FAST_MATH = YES;
				ONLY_ACTIVE_ARCH = YES;
				SDKROOT = iphoneos;
				SWIFT_ACTIVE_COMPILATION_CONDITIONS = DEBUG;
				SWIFT_OPTIMIZATION_LEVEL = "-Onone";
			};
			name = Debug;
		};
		E0A129C2275C5DCF001F29C6 /* Release */ = {
			isa = XCBuildConfiguration;
			buildSettings = {
				ALWAYS_SEARCH_USER_PATHS = NO;
				CLANG_ANALYZER_NONNULL = YES;
				CLANG_ANALYZER_NUMBER_OBJECT_CONVERSION = YES_AGGRESSIVE;
				CLANG_CXX_LANGUAGE_STANDARD = "gnu++17";
				CLANG_CXX_LIBRARY = "libc++";
				CLANG_ENABLE_MODULES = YES;
				CLANG_ENABLE_OBJC_ARC = YES;
				CLANG_ENABLE_OBJC_WEAK = YES;
				CLANG_WARN_BLOCK_CAPTURE_AUTORELEASING = YES;
				CLANG_WARN_BOOL_CONVERSION = YES;
				CLANG_WARN_COMMA = YES;
				CLANG_WARN_CONSTANT_CONVERSION = YES;
				CLANG_WARN_DEPRECATED_OBJC_IMPLEMENTATIONS = YES;
				CLANG_WARN_DIRECT_OBJC_ISA_USAGE = YES_ERROR;
				CLANG_WARN_DOCUMENTATION_COMMENTS = YES;
				CLANG_WARN_EMPTY_BODY = YES;
				CLANG_WARN_ENUM_CONVERSION = YES;
				CLANG_WARN_INFINITE_RECURSION = YES;
				CLANG_WARN_INT_CONVERSION = YES;
				CLANG_WARN_NON_LITERAL_NULL_CONVERSION = YES;
				CLANG_WARN_OBJC_IMPLICIT_RETAIN_SELF = YES;
				CLANG_WARN_OBJC_LITERAL_CONVERSION = YES;
				CLANG_WARN_OBJC_ROOT_CLASS = YES_ERROR;
				CLANG_WARN_QUOTED_INCLUDE_IN_FRAMEWORK_HEADER = YES;
				CLANG_WARN_RANGE_LOOP_ANALYSIS = YES;
				CLANG_WARN_STRICT_PROTOTYPES = YES;
				CLANG_WARN_SUSPICIOUS_MOVE = YES;
				CLANG_WARN_UNGUARDED_AVAILABILITY = YES_AGGRESSIVE;
				CLANG_WARN_UNREACHABLE_CODE = YES;
				CLANG_WARN__DUPLICATE_METHOD_MATCH = YES;
				COPY_PHASE_STRIP = NO;
				DEBUG_INFORMATION_FORMAT = "dwarf-with-dsym";
				ENABLE_NS_ASSERTIONS = NO;
				ENABLE_STRICT_OBJC_MSGSEND = YES;
				GCC_C_LANGUAGE_STANDARD = gnu11;
				GCC_NO_COMMON_BLOCKS = YES;
				GCC_WARN_64_TO_32_BIT_CONVERSION = YES;
				GCC_WARN_ABOUT_RETURN_TYPE = YES_ERROR;
				GCC_WARN_UNDECLARED_SELECTOR = YES;
				GCC_WARN_UNINITIALIZED_AUTOS = YES_AGGRESSIVE;
				GCC_WARN_UNUSED_FUNCTION = YES;
				GCC_WARN_UNUSED_VARIABLE = YES;
				IPHONEOS_DEPLOYMENT_TARGET = 15.0;
				MTL_ENABLE_DEBUG_INFO = NO;
				MTL_FAST_MATH = YES;
				SDKROOT = iphoneos;
				SWIFT_COMPILATION_MODE = wholemodule;
				SWIFT_OPTIMIZATION_LEVEL = "-O";
				VALIDATE_PRODUCT = YES;
			};
			name = Release;
		};
		E0A129C4275C5DCF001F29C6 /* Debug */ = {
			isa = XCBuildConfiguration;
			buildSettings = {
				ASSETCATALOG_COMPILER_APPICON_NAME = AppIcon;
				ASSETCATALOG_COMPILER_GLOBAL_ACCENT_COLOR_NAME = AccentColor;
				CODE_SIGN_STYLE = Automatic;
				CURRENT_PROJECT_VERSION = 1;
				DEVELOPMENT_ASSET_PATHS = "\"LessonVideoPlayer/Preview Content\"";
				DEVELOPMENT_TEAM = BHVBDBK58V;
				ENABLE_PREVIEWS = YES;
				GENERATE_INFOPLIST_FILE = YES;
				INFOPLIST_KEY_UIApplicationSceneManifest_Generation = YES;
				INFOPLIST_KEY_UIApplicationSupportsIndirectInputEvents = YES;
				INFOPLIST_KEY_UILaunchScreen_Generation = YES;
				INFOPLIST_KEY_UISupportedInterfaceOrientations_iPad = "UIInterfaceOrientationPortrait UIInterfaceOrientationPortraitUpsideDown UIInterfaceOrientationLandscapeLeft UIInterfaceOrientationLandscapeRight";
				INFOPLIST_KEY_UISupportedInterfaceOrientations_iPhone = "UIInterfaceOrientationPortrait UIInterfaceOrientationLandscapeLeft UIInterfaceOrientationLandscapeRight";
				LD_RUNPATH_SEARCH_PATHS = (
					"$(inherited)",
					"@executable_path/Frameworks",
				);
				MARKETING_VERSION = 1.0;
				PRODUCT_BUNDLE_IDENTIFIER = com.SteviesApps.LessonVideoPlayer;
				PRODUCT_NAME = "$(TARGET_NAME)";
				SWIFT_EMIT_LOC_STRINGS = YES;
				SWIFT_VERSION = 5.0;
				TARGETED_DEVICE_FAMILY = "1,2";
			};
			name = Debug;
		};
		E0A129C5275C5DCF001F29C6 /* Release */ = {
			isa = XCBuildConfiguration;
			buildSettings = {
				ASSETCATALOG_COMPILER_APPICON_NAME = AppIcon;
				ASSETCATALOG_COMPILER_GLOBAL_ACCENT_COLOR_NAME = AccentColor;
				CODE_SIGN_STYLE = Automatic;
				CURRENT_PROJECT_VERSION = 1;
				DEVELOPMENT_ASSET_PATHS = "\"LessonVideoPlayer/Preview Content\"";
				DEVELOPMENT_TEAM = BHVBDBK58V;
				ENABLE_PREVIEWS = YES;
				GENERATE_INFOPLIST_FILE = YES;
				INFOPLIST_KEY_UIApplicationSceneManifest_Generation = YES;
				INFOPLIST_KEY_UIApplicationSupportsIndirectInputEvents = YES;
				INFOPLIST_KEY_UILaunchScreen_Generation = YES;
				INFOPLIST_KEY_UISupportedInterfaceOrientations_iPad = "UIInterfaceOrientationPortrait UIInterfaceOrientationPortraitUpsideDown UIInterfaceOrientationLandscapeLeft UIInterfaceOrientationLandscapeRight";
				INFOPLIST_KEY_UISupportedInterfaceOrientations_iPhone = "UIInterfaceOrientationPortrait UIInterfaceOrientationLandscapeLeft UIInterfaceOrientationLandscapeRight";
				LD_RUNPATH_SEARCH_PATHS = (
					"$(inherited)",
					"@executable_path/Frameworks",
				);
				MARKETING_VERSION = 1.0;
				PRODUCT_BUNDLE_IDENTIFIER = com.SteviesApps.LessonVideoPlayer;
				PRODUCT_NAME = "$(TARGET_NAME)";
				SWIFT_EMIT_LOC_STRINGS = YES;
				SWIFT_VERSION = 5.0;
				TARGETED_DEVICE_FAMILY = "1,2";
			};
			name = Release;
		};
/* End XCBuildConfiguration section */

/* Begin XCConfigurationList section */
		E0A129B0275C5DCD001F29C6 /* Build configuration list for PBXProject "LessonVideoPlayer" */ = {
			isa = XCConfigurationList;
			buildConfigurations = (
				E0A129C1275C5DCF001F29C6 /* Debug */,
				E0A129C2275C5DCF001F29C6 /* Release */,
			);
			defaultConfigurationIsVisible = 0;
			defaultConfigurationName = Release;
		};
		E0A129C3275C5DCF001F29C6 /* Build configuration list for PBXNativeTarget "LessonVideoPlayer" */ = {
			isa = XCConfigurationList;
			buildConfigurations = (
				E0A129C4275C5DCF001F29C6 /* Debug */,
				E0A129C5275C5DCF001F29C6 /* Release */,
			);
			defaultConfigurationIsVisible = 0;
			defaultConfigurationName = Release;
		};
/* End XCConfigurationList section */
	};
	rootObject = E0A129AD275C5DCD001F29C6 /* Project object */;
}
